
Microsoft Visual Studio Solution File, Format Version 12.00
# Visual Studio Version 17
VisualStudioVersion = 17.9.34728.123
MinimumVisualStudioVersion = 10.0.40219.1
Project("{FAE04EC0-301F-11D3-BF4B-00C04F79EFBC}") = "MvcSample", "MvcSample\MvcSample.csproj", "{EF427093-AB02-4154-B68A-8EF96882EC83}"
EndProject
Global
	GlobalSection(SolutionConfigurationPlatforms) = preSolution
		Debug|Any CPU = Debug|Any CPU
		Release|Any CPU = Release|Any CPU
	EndGlobalSection
	GlobalSection(ProjectConfigurationPlatforms) = postSolution
		{EF427093-AB02-4154-B68A-8EF96882EC83}.Debug|Any CPU.ActiveCfg = Debug|Any CPU
		{EF427093-AB02-4154-B68A-8EF96882EC83}.Debug|Any CPU.Build.0 = Debug|Any CPU
		{EF427093-AB02-4154-B68A-8EF96882EC83}.Release|Any CPU.ActiveCfg = Release|Any CPU
		{EF427093-AB02-4154-B68A-8EF96882EC83}.Release|Any CPU.Build.0 = Release|Any CPU
	EndGlobalSection
	GlobalSection(SolutionProperties) = preSolution
		HideSolutionNode = FALSE
	EndGlobalSection
	GlobalSection(ExtensibilityGlobals) = postSolution
		SolutionGuid = {680089FE-4BB9-4C76-B805-DA6702B7F46C}
	EndGlobalSection
EndGlobal
